
Microsoft Visual Studio Solution File, Format Version 12.00
# Visual Studio Version 17
VisualStudioVersion = 17.0.31903.59
MinimumVisualStudioVersion = 10.0.40219.1
Project("{2150E333-8FDC-42A3-9474-1A3956D46DE8}") = "Recruiting", "Recruiting", "{DB24FFD1-E211-4C7B-A67E-8ED004644E65}"
EndProject
Project("{2150E333-8FDC-42A3-9474-1A3956D46DE8}") = "Interview", "Interview", "{52413A90-2DD5-4590-AE0B-079CA4E128CD}"
EndProject
Project("{2150E333-8FDC-42A3-9474-1A3956D46DE8}") = "Onboarding", "Onboarding", "{372BABC5-F459-496B-AB70-1C641929C203}"
EndProject
Project("{2150E333-8FDC-42A3-9474-1A3956D46DE8}") = "Authentication", "Authentication", "{85DE4EE4-9515-4B7E-8274-F99AC4FA36A0}"
EndProject
Project("{9A19103F-16F7-4668-BE54-9A1E7A4F7556}") = "RecruitingAPI", "RecruitingAPI\RecruitingAPI.csproj", "{DB22AEE4-0C26-46FA-A7D9-302C22C3DD1B}"
EndProject
Project("{9A19103F-16F7-4668-BE54-9A1E7A4F7556}") = "Recruiting.Core", "Recruiting.Core\Recruiting.Core.csproj", "{673CCDB7-1230-4F2C-9724-1A870058BC4A}"
EndProject
Project("{9A19103F-16F7-4668-BE54-9A1E7A4F7556}") = "Recruiting.Infrastructure", "Recruiting.Infrastructure\Recruiting.Infrastructure.csproj", "{30AFE2F7-B51F-48C4-A449-9B7F05BC04FD}"
EndProject
Project("{9A19103F-16F7-4668-BE54-9A1E7A4F7556}") = "OnboardingAPI", "OnboardingAPI\OnboardingAPI.csproj", "{5E3CE90B-124E-4648-84AE-BB2FA1670A93}"
EndProject
Project("{9A19103F-16F7-4668-BE54-9A1E7A4F7556}") = "InterviewAPI", "InterviewAPI\InterviewAPI.csproj", "{FDB9E97E-49DB-43DD-9106-2FE5D610E0C9}"
EndProject
Project("{9A19103F-16F7-4668-BE54-9A1E7A4F7556}") = "AuthenticationAPI", "AuthenticationAPI\AuthenticationAPI.csproj", "{5A4AE32B-7BD4-4FDB-8F54-E907F558492F}"
EndProject
Project("{E53339B2-1760-4266-BCC7-CA923CBCF16C}") = "docker-compose", "docker-compose.dcproj", "{5C0F6C16-8A58-4FA0-B126-DA61D9C8EAC0}"
EndProject
Project("{9A19103F-16F7-4668-BE54-9A1E7A4F7556}") = "Authentication.Infrastructure", "Authentication.Infrastructure\Authentication.Infrastructure.csproj", "{9F27AA59-CB92-48C3-91DC-B3B11886C897}"
EndProject
Project("{9A19103F-16F7-4668-BE54-9A1E7A4F7556}") = "Authentication.Core", "Authentication.Core\Authentication.Core.csproj", "{3AE6138E-3A41-4917-9E22-D2D632749663}"
EndProject
Project("{9A19103F-16F7-4668-BE54-9A1E7A4F7556}") = "Interview.Core", "Interview.Core\Interview.Core.csproj", "{F00F5E28-7EB2-44D1-A083-C995AD7B28AA}"
EndProject
Project("{9A19103F-16F7-4668-BE54-9A1E7A4F7556}") = "Interview.Infrastructure", "Interview.Infrastructure\Interview.Infrastructure.csproj", "{77093435-FE59-44F0-9FA3-5040C5665A9D}"
EndProject
Project("{9A19103F-16F7-4668-BE54-9A1E7A4F7556}") = "Onboarding.Core", "Onboarding.Core\Onboarding.Core.csproj", "{B27A5688-2781-46BE-B9C0-EE091D8DEF49}"
EndProject
Project("{9A19103F-16F7-4668-BE54-9A1E7A4F7556}") = "Onboarding.Infrastructure", "Onboarding.Infrastructure\Onboarding.Infrastructure.csproj", "{CD34A518-C6EE-4471-8A5B-CD3EF4C2C706}"
EndProject
Project("{9A19103F-16F7-4668-BE54-9A1E7A4F7556}") = "JWTAuthenticationManager", "JWTAuthenticationManager\JWTAuthenticationManager.csproj", "{B6265CF1-66BF-40A2-B2C5-F31499DBFA42}"
EndProject
Global
	GlobalSection(SolutionConfigurationPlatforms) = preSolution
		Debug|Any CPU = Debug|Any CPU
		Release|Any CPU = Release|Any CPU
	EndGlobalSection
	GlobalSection(ProjectConfigurationPlatforms) = postSolution
		{DB22AEE4-0C26-46FA-A7D9-302C22C3DD1B}.Debug|Any CPU.ActiveCfg = Debug|Any CPU
		{DB22AEE4-0C26-46FA-A7D9-302C22C3DD1B}.Debug|Any CPU.Build.0 = Debug|Any CPU
		{DB22AEE4-0C26-46FA-A7D9-302C22C3DD1B}.Release|Any CPU.ActiveCfg = Release|Any CPU
		{DB22AEE4-0C26-46FA-A7D9-302C22C3DD1B}.Release|Any CPU.Build.0 = Release|Any CPU
		{673CCDB7-1230-4F2C-9724-1A870058BC4A}.Debug|Any CPU.ActiveCfg = Debug|Any CPU
		{673CCDB7-1230-4F2C-9724-1A870058BC4A}.Debug|Any CPU.Build.0 = Debug|Any CPU
		{673CCDB7-1230-4F2C-9724-1A870058BC4A}.Release|Any CPU.ActiveCfg = Release|Any CPU
		{673CCDB7-1230-4F2C-9724-1A870058BC4A}.Release|Any CPU.Build.0 = Release|Any CPU
		{30AFE2F7-B51F-48C4-A449-9B7F05BC04FD}.Debug|Any CPU.ActiveCfg = Debug|Any CPU
		{30AFE2F7-B51F-48C4-A449-9B7F05BC04FD}.Debug|Any CPU.Build.0 = Debug|Any CPU
		{30AFE2F7-B51F-48C4-A449-9B7F05BC04FD}.Release|Any CPU.ActiveCfg = Release|Any CPU
		{30AFE2F7-B51F-48C4-A449-9B7F05BC04FD}.Release|Any CPU.Build.0 = Release|Any CPU
		{5E3CE90B-124E-4648-84AE-BB2FA1670A93}.Debug|Any CPU.ActiveCfg = Debug|Any CPU
		{5E3CE90B-124E-4648-84AE-BB2FA1670A93}.Debug|Any CPU.Build.0 = Debug|Any CPU
		{5E3CE90B-124E-4648-84AE-BB2FA1670A93}.Release|Any CPU.ActiveCfg = Release|Any CPU
		{5E3CE90B-124E-4648-84AE-BB2FA1670A93}.Release|Any CPU.Build.0 = Release|Any CPU
		{FDB9E97E-49DB-43DD-9106-2FE5D610E0C9}.Debug|Any CPU.ActiveCfg = Debug|Any CPU
		{FDB9E97E-49DB-43DD-9106-2FE5D610E0C9}.Debug|Any CPU.Build.0 = Debug|Any CPU
		{FDB9E97E-49DB-43DD-9106-2FE5D610E0C9}.Release|Any CPU.ActiveCfg = Release|Any CPU
		{FDB9E97E-49DB-43DD-9106-2FE5D610E0C9}.Release|Any CPU.Build.0 = Release|Any CPU
		{5A4AE32B-7BD4-4FDB-8F54-E907F558492F}.Debug|Any CPU.ActiveCfg = Debug|Any CPU
		{5A4AE32B-7BD4-4FDB-8F54-E907F558492F}.Debug|Any CPU.Build.0 = Debug|Any CPU
		{5A4AE32B-7BD4-4FDB-8F54-E907F558492F}.Release|Any CPU.ActiveCfg = Release|Any CPU
		{5A4AE32B-7BD4-4FDB-8F54-E907F558492F}.Release|Any CPU.Build.0 = Release|Any CPU
		{5C0F6C16-8A58-4FA0-B126-DA61D9C8EAC0}.Debug|Any CPU.ActiveCfg = Debug|Any CPU
		{5C0F6C16-8A58-4FA0-B126-DA61D9C8EAC0}.Debug|Any CPU.Build.0 = Debug|Any CPU
		{5C0F6C16-8A58-4FA0-B126-DA61D9C8EAC0}.Release|Any CPU.ActiveCfg = Release|Any CPU
		{5C0F6C16-8A58-4FA0-B126-DA61D9C8EAC0}.Release|Any CPU.Build.0 = Release|Any CPU
		{9F27AA59-CB92-48C3-91DC-B3B11886C897}.Debug|Any CPU.ActiveCfg = Debug|Any CPU
		{9F27AA59-CB92-48C3-91DC-B3B11886C897}.Debug|Any CPU.Build.0 = Debug|Any CPU
		{9F27AA59-CB92-48C3-91DC-B3B11886C897}.Release|Any CPU.ActiveCfg = Release|Any CPU
		{9F27AA59-CB92-48C3-91DC-B3B11886C897}.Release|Any CPU.Build.0 = Release|Any CPU
		{3AE6138E-3A41-4917-9E22-D2D632749663}.Debug|Any CPU.ActiveCfg = Debug|Any CPU
		{3AE6138E-3A41-4917-9E22-D2D632749663}.Debug|Any CPU.Build.0 = Debug|Any CPU
		{3AE6138E-3A41-4917-9E22-D2D632749663}.Release|Any CPU.ActiveCfg = Release|Any CPU
		{3AE6138E-3A41-4917-9E22-D2D632749663}.Release|Any CPU.Build.0 = Release|Any CPU
		{F00F5E28-7EB2-44D1-A083-C995AD7B28AA}.Debug|Any CPU.ActiveCfg = Debug|Any CPU
		{F00F5E28-7EB2-44D1-A083-C995AD7B28AA}.Debug|Any CPU.Build.0 = Debug|Any CPU
		{F00F5E28-7EB2-44D1-A083-C995AD7B28AA}.Release|Any CPU.ActiveCfg = Release|Any CPU
		{F00F5E28-7EB2-44D1-A083-C995AD7B28AA}.Release|Any CPU.Build.0 = Release|Any CPU
		{77093435-FE59-44F0-9FA3-5040C5665A9D}.Debug|Any CPU.ActiveCfg = Debug|Any CPU
		{77093435-FE59-44F0-9FA3-5040C5665A9D}.Debug|Any CPU.Build.0 = Debug|Any CPU
		{77093435-FE59-44F0-9FA3-5040C5665A9D}.Release|Any CPU.ActiveCfg = Release|Any CPU
		{77093435-FE59-44F0-9FA3-5040C5665A9D}.Release|Any CPU.Build.0 = Release|Any CPU
		{B27A5688-2781-46BE-B9C0-EE091D8DEF49}.Debug|Any CPU.ActiveCfg = Debug|Any CPU
		{B27A5688-2781-46BE-B9C0-EE091D8DEF49}.Debug|Any CPU.Build.0 = Debug|Any CPU
		{B27A5688-2781-46BE-B9C0-EE091D8DEF49}.Release|Any CPU.ActiveCfg = Release|Any CPU
		{B27A5688-2781-46BE-B9C0-EE091D8DEF49}.Release|Any CPU.Build.0 = Release|Any CPU
		{CD34A518-C6EE-4471-8A5B-CD3EF4C2C706}.Debug|Any CPU.ActiveCfg = Debug|Any CPU
		{CD34A518-C6EE-4471-8A5B-CD3EF4C2C706}.Debug|Any CPU.Build.0 = Debug|Any CPU
		{CD34A518-C6EE-4471-8A5B-CD3EF4C2C706}.Release|Any CPU.ActiveCfg = Release|Any CPU
		{CD34A518-C6EE-4471-8A5B-CD3EF4C2C706}.Release|Any CPU.Build.0 = Release|Any CPU
		{B6265CF1-66BF-40A2-B2C5-F31499DBFA42}.Debug|Any CPU.ActiveCfg = Debug|Any CPU
		{B6265CF1-66BF-40A2-B2C5-F31499DBFA42}.Debug|Any CPU.Build.0 = Debug|Any CPU
		{B6265CF1-66BF-40A2-B2C5-F31499DBFA42}.Release|Any CPU.ActiveCfg = Release|Any CPU
		{B6265CF1-66BF-40A2-B2C5-F31499DBFA42}.Release|Any CPU.Build.0 = Release|Any CPU
	EndGlobalSection
	GlobalSection(SolutionProperties) = preSolution
		HideSolutionNode = FALSE
	EndGlobalSection
	GlobalSection(NestedProjects) = preSolution
		{DB22AEE4-0C26-46FA-A7D9-302C22C3DD1B} = {DB24FFD1-E211-4C7B-A67E-8ED004644E65}
		{673CCDB7-1230-4F2C-9724-1A870058BC4A} = {DB24FFD1-E211-4C7B-A67E-8ED004644E65}
		{30AFE2F7-B51F-48C4-A449-9B7F05BC04FD} = {DB24FFD1-E211-4C7B-A67E-8ED004644E65}
		{5E3CE90B-124E-4648-84AE-BB2FA1670A93} = {372BABC5-F459-496B-AB70-1C641929C203}
		{FDB9E97E-49DB-43DD-9106-2FE5D610E0C9} = {52413A90-2DD5-4590-AE0B-079CA4E128CD}
		{5A4AE32B-7BD4-4FDB-8F54-E907F558492F} = {85DE4EE4-9515-4B7E-8274-F99AC4FA36A0}
		{9F27AA59-CB92-48C3-91DC-B3B11886C897} = {85DE4EE4-9515-4B7E-8274-F99AC4FA36A0}
		{3AE6138E-3A41-4917-9E22-D2D632749663} = {85DE4EE4-9515-4B7E-8274-F99AC4FA36A0}
		{F00F5E28-7EB2-44D1-A083-C995AD7B28AA} = {52413A90-2DD5-4590-AE0B-079CA4E128CD}
		{77093435-FE59-44F0-9FA3-5040C5665A9D} = {52413A90-2DD5-4590-AE0B-079CA4E128CD}
		{B27A5688-2781-46BE-B9C0-EE091D8DEF49} = {372BABC5-F459-496B-AB70-1C641929C203}
		{CD34A518-C6EE-4471-8A5B-CD3EF4C2C706} = {372BABC5-F459-496B-AB70-1C641929C203}
	EndGlobalSection
	GlobalSection(ExtensibilityGlobals) = postSolution
		SolutionGuid = {4D083BBB-3C96-4025-B53E-C25CBA66AE6F}
	EndGlobalSection
EndGlobal
